
Microsoft Visual Studio Solution File, Format Version 12.00
# Visual Studio Version 16
VisualStudioVersion = 16.0.32802.440
MinimumVisualStudioVersion = 10.0.40219.1
Project("{8BC9CEB8-8B4A-11D0-8D11-00A0C91BC942}") = "Example5.6", "Example5.6.vcxproj", "{E16E144C-9D94-4A68-9C49-11876F72118A}"
EndProject
Global
	GlobalSection(SolutionConfigurationPlatforms) = preSolution
		Debug|x64 = Debug|x64
		Debug|x86 = Debug|x86
		Release|x64 = Release|x64
		Release|x86 = Release|x86
	EndGlobalSection
	GlobalSection(ProjectConfigurationPlatforms) = postSolution
		{E16E144C-9D94-4A68-9C49-11876F72118A}.Debug|x64.ActiveCfg = Debug|x64
		{E16E144C-9D94-4A68-9C49-11876F72118A}.Debug|x64.Build.0 = Debug|x64
		{E16E144C-9D94-4A68-9C49-11876F72118A}.Debug|x86.ActiveCfg = Debug|Win32
		{E16E144C-9D94-4A68-9C49-11876F72118A}.Debug|x86.Build.0 = Debug|Win32
		{E16E144C-9D94-4A68-9C49-11876F72118A}.Release|x64.ActiveCfg = Release|x64
		{E16E144C-9D94-4A68-9C49-11876F72118A}.Release|x64.Build.0 = Release|x64
		{E16E144C-9D94-4A68-9C49-11876F72118A}.Release|x86.ActiveCfg = Release|Win32
		{E16E144C-9D94-4A68-9C49-11876F72118A}.Release|x86.Build.0 = Release|Win32
	EndGlobalSection
	GlobalSection(SolutionProperties) = preSolution
		HideSolutionNode = FALSE
	EndGlobalSection
	GlobalSection(ExtensibilityGlobals) = postSolution
		SolutionGuid = {1BF82AD5-F049-46F1-B73F-2989D38496CC}
	EndGlobalSection
EndGlobal
